{
  "version": 4,
  "terraform_version": "1.7.1",
  "serial": 9,
  "lineage": "f0137406-b802-6652-6c17-4aa41a93ffa2",
  "outputs": {},
  "resources": [
    {
      "module": "module.controller_site_1",
      "mode": "data",
      "type": "avi_cloud",
      "name": "cloudID",
      "provider": "module.controller_site_1.provider[\"registry.terraform.io/vmware/avi\"]",
      "instances": [
        {
          "schema_version": 0,
          "attributes": {
            "autoscale_polling_interval": null,
            "aws_configuration": null,
            "azure_configuration": null,
            "cloudstack_configuration": null,
            "configpb_attributes": null,
            "custom_tags": null,
            "dhcp_enabled": null,
            "dns_provider_ref": null,
            "dns_resolution_on_se": null,
            "dns_resolvers": null,
            "docker_configuration": null,
            "east_west_dns_provider_ref": null,
            "east_west_ipam_provider_ref": null,
            "enable_vip_on_all_interfaces": null,
            "enable_vip_static_routes": null,
            "gcp_configuration": null,
            "id": null,
            "ip6_autocfg_enabled": null,
            "ipam_provider_ref": null,
            "license_tier": null,
            "license_type": null,
            "linuxserver_configuration": null,
            "maintenance_mode": null,
            "markers": null,
            "metrics_polling_interval": null,
            "mtu": null,
            "name": null,
            "nsxt_configuration": null,
            "obj_name_prefix": null,
            "openstack_configuration": null,
            "prefer_static_routes": null,
            "proxy_configuration": null,
            "rancher_configuration": null,
            "se_group_template_ref": null,
            "state_based_dns_registration": null,
            "tenant_ref": null,
            "uuid": null,
            "vca_configuration": null,
            "vcenter_configuration": null,
            "vmc_deployment": null,
            "vtype": null
          },
          "sensitive_attributes": []
        }
      ]
    },
    {
      "module": "module.controller_site_1",
      "mode": "data",
      "type": "avi_tenant",
      "name": "tenanID",
      "provider": "module.controller_site_1.provider[\"registry.terraform.io/vmware/avi\"]",
      "instances": [
        {
          "schema_version": 0,
          "attributes": {
            "config_settings": [],
            "configpb_attributes": [],
            "created_by": null,
            "description": null,
            "enforce_label_group": null,
            "id": "https://10.206.41.225/api/tenant/admin",
            "label_group_refs": null,
            "local": null,
            "name": "admin",
            "uuid": "admin"
          },
          "sensitive_attributes": []
        }
      ]
    },
    {
      "module": "module.controller_site_1",
      "mode": "managed",
      "type": "avi_applicationpersistenceprofile",
      "name": "cookie_profile_1",
      "provider": "module.controller_site_1.provider[\"registry.terraform.io/vmware/avi\"]",
      "instances": [
        {
          "schema_version": 0,
          "attributes": {
            "app_cookie_persistence_profile": [],
            "configpb_attributes": [],
            "description": null,
            "hdr_persistence_profile": [],
            "http_cookie_persistence_profile": [
              {
                "always_send_cookie": "false",
                "cookie_name": "route",
                "encryption_key": "",
                "http_only": "false",
                "is_persistent_cookie": "false",
                "key": [
                  {
                    "aes_key": "+Q0AAA9t4ZZn9l6JRCt2xK9FEfgpmj4+Gyid7mRsSOA=",
                    "hmac_key": "",
                    "name": "46d4b14e-a71a-489d-8818-c956a1b1aac6"
                  }
                ],
                "timeout": "2880"
              }
            ],
            "id": "https://10.206.41.225/api/applicationpersistenceprofile/applicationpersistenceprofile-b6cf0d97-1a1e-4a4e-810a-822376f8f816",
            "ip_persistence_profile": [],
            "is_federated": "false",
            "markers": [],
            "name": "cookie_persistence_profile_terraform",
            "persistence_type": "PERSISTENCE_TYPE_HTTP_COOKIE",
            "server_hm_down_recovery": "HM_DOWN_PICK_NEW_SERVER",
            "tenant_ref": "https://10.206.41.225/api/tenant/admin",
            "uuid": "applicationpersistenceprofile-b6cf0d97-1a1e-4a4e-810a-822376f8f816"
          },
          "sensitive_attributes": [],
          "private": "bnVsbA=="
        }
      ]
    },
    {
      "module": "module.controller_site_1",
      "mode": "managed",
      "type": "avi_applicationprofile",
      "name": "system_https_profile_1",
      "provider": "module.controller_site_1.provider[\"registry.terraform.io/vmware/avi\"]",
      "instances": [
        {
          "schema_version": 0,
          "attributes": {
            "app_service_type": null,
            "cloud_config_cksum": null,
            "configpb_attributes": [],
            "created_by": null,
            "description": null,
            "dns_service_profile": [],
            "dos_rl_profile": [],
            "http_profile": [
              {
                "allow_dots_in_header_name": "false",
                "cache_config": [],
                "client_body_timeout": "90000",
                "client_header_timeout": "60000",
                "client_max_body_size": "16000",
                "client_max_header_size": "12",
                "client_max_request_size": "48",
                "compression_profile": [],
                "connection_multiplexing_enabled": "true",
                "detect_ntlm_app": "true",
                "disable_keepalive_posts_msie6": "true",
                "disable_sni_hostname_check": "false",
                "enable_chunk_merge": "true",
                "enable_fire_and_forget": "false",
                "enable_request_body_buffering": "false",
                "enable_request_body_metrics": "false",
                "fwd_close_hdr_for_bound_connections": "true",
                "hsts_enabled": "true",
                "hsts_max_age": "365",
                "hsts_subdomains_enabled": "true",
                "http2_profile": [],
                "http_to_https": "true",
                "http_upstream_buffer_size": "0",
                "httponly_enabled": "true",
                "keepalive_header": "false",
                "keepalive_timeout": "30000",
                "max_bad_rps_cip": "0",
                "max_bad_rps_cip_uri": "0",
                "max_bad_rps_uri": "0",
                "max_keepalive_requests": "100",
                "max_response_headers_size": "48",
                "max_rps_cip": "0",
                "max_rps_cip_uri": "0",
                "max_rps_unknown_cip": "0",
                "max_rps_unknown_uri": "0",
                "max_rps_uri": "0",
                "pass_through_x_accel_headers": "false",
                "pki_profile_ref": "",
                "post_accept_timeout": "30000",
                "reset_conn_http_on_ssl_port": "false",
                "respond_with_100_continue": "true",
                "secure_cookie_enabled": "true",
                "server_side_redirect_to_https": "true",
                "ssl_client_certificate_action": [],
                "ssl_client_certificate_mode": "SSL_CLIENT_CERTIFICATE_NONE",
                "true_client_ip": [],
                "use_app_keepalive_timeout": "false",
                "use_true_client_ip": "false",
                "websockets_enabled": "true",
                "x_forwarded_proto_enabled": "true",
                "xff_alternate_name": "X-Forwarded-For",
                "xff_enabled": "true"
              }
            ],
            "id": "https://10.206.41.225/api/applicationprofile/applicationprofile-6c57d25f-ff1c-4f7f-8bfa-b364c96b4c2d",
            "markers": [],
            "name": "system_http_profile_terraform",
            "preserve_client_ip": "false",
            "preserve_client_port": "false",
            "preserve_dest_ip_port": "false",
            "sip_service_profile": [],
            "tcp_app_profile": [],
            "tenant_ref": "https://10.206.41.225/api/tenant/admin",
            "type": "APPLICATION_PROFILE_TYPE_HTTP",
            "uuid": "applicationprofile-6c57d25f-ff1c-4f7f-8bfa-b364c96b4c2d"
          },
          "sensitive_attributes": [],
          "private": "bnVsbA=="
        }
      ]
    },
    {
      "module": "module.controller_site_1",
      "mode": "managed",
      "type": "avi_httppolicyset",
      "name": "rewriteTarget_policySet",
      "provider": "module.controller_site_1.provider[\"registry.terraform.io/vmware/avi\"]",
      "instances": [
        {
          "schema_version": 0,
          "attributes": {
            "cloud_config_cksum": null,
            "configpb_attributes": [],
            "created_by": null,
            "description": null,
            "geo_db_ref": null,
            "http_request_policy": [
              {
                "rules": [
                  {
                    "all_headers": "",
                    "enable": "true",
                    "hdr_action": [],
                    "index": "1",
                    "log": "",
                    "match": [],
                    "name": "rewrite_rule_terraform",
                    "redirect_action": [],
                    "rewrite_url_action": [
                      {
                        "host_hdr": [],
                        "path": [
                          {
                            "tokens": [
                              {
                                "end_index": "",
                                "start_index": "",
                                "str_value": "/",
                                "type": "URI_TOKEN_TYPE_STRING"
                              }
                            ],
                            "type": "URI_PARAM_TYPE_TOKENIZED"
                          }
                        ],
                        "query": []
                      }
                    ],
                    "switching_action": []
                  }
                ]
              }
            ],
            "http_response_policy": [],
            "http_security_policy": [],
            "id": "https://10.206.41.225/api/httppolicyset/httppolicyset-02e8364d-37f7-4975-8a76-00de76342134",
            "ip_reputation_db_ref": null,
            "is_internal_policy": "false",
            "markers": [],
            "name": "rewrite_policySet_terraform",
            "tenant_ref": "https://10.206.41.225/api/tenant/admin",
            "uuid": "httppolicyset-02e8364d-37f7-4975-8a76-00de76342134"
          },
          "sensitive_attributes": [],
          "private": "bnVsbA=="
        }
      ]
    },
    {
      "module": "module.controller_site_1",
      "mode": "managed",
      "type": "avi_serviceenginegroup",
      "name": "sg1",
      "provider": "module.controller_site_1.provider[\"registry.terraform.io/vmware/avi\"]",
      "instances": [
        {
          "schema_version": 0,
          "attributes": {
            "accelerated_networking": "true",
            "active_standby": "false",
            "aggressive_failure_detection": "false",
            "algo": "PLACEMENT_ALGO_PACKED",
            "allow_burst": null,
            "app_cache_percent": "10",
            "app_cache_threshold": "5",
            "app_learning_memory_percent": "0",
            "archive_shm_limit": "8",
            "async_ssl": "false",
            "async_ssl_threads": "1",
            "auto_rebalance": "true",
            "auto_rebalance_capacity_per_se": [
              20000000
            ],
            "auto_rebalance_criteria": [
              "SE_AUTO_REBALANCE_PPS"
            ],
            "auto_rebalance_interval": "300",
            "auto_redistribute_active_standby_load": "false",
            "availability_zone_refs": null,
            "baremetal_dispatcher_handles_flows": "false",
            "bgp_peer_monitor_failover_enabled": "false",
            "bgp_state_update_interval": "60",
            "buffer_se": "1",
            "cloud_ref": "https://10.206.41.225/api/cloud/cloud-8571d73b-b026-499e-9190-6a22b6f8aee9",
            "compress_ip_rules_for_each_ns_subnet": "true",
            "config_debugs_on_all_cores": "false",
            "configpb_attributes": [],
            "connection_memory_percentage": "50",
            "core_shm_app_cache": "false",
            "core_shm_app_learning": "false",
            "cpu_reserve": "false",
            "cpu_socket_affinity": "false",
            "custom_securitygroups_data": null,
            "custom_securitygroups_mgmt": null,
            "custom_tag": [],
            "data_network_id": null,
            "datascript_timeout": "1000000",
            "deactivate_ipv6_discovery": null,
            "deactivate_kni_filtering_at_dispatcher": null,
            "dedicated_dispatcher_core": "false",
            "description": null,
            "disable_avi_securitygroups": "false",
            "disable_csum_offloads": "false",
            "disable_flow_probes": "false",
            "disable_gro": "true",
            "disable_se_memory_check": "false",
            "disable_tso": "false",
            "disk_per_se": "15",
            "distribute_load_active_standby": "false",
            "distribute_queues": "false",
            "distribute_vnics": "false",
            "downstream_send_timeout": "3600000",
            "dp_aggressive_deq_interval_msec": "1",
            "dp_aggressive_enq_interval_msec": "1",
            "dp_aggressive_hb_frequency": "100",
            "dp_aggressive_hb_timeout_count": "10",
            "dp_deq_interval_msec": "20",
            "dp_enq_interval_msec": "20",
            "dp_hb_frequency": "100",
            "dp_hb_timeout_count": "10",
            "enable_gratarp_permanent": "false",
            "enable_hsm_log": "false",
            "enable_hsm_priming": "false",
            "enable_multi_lb": "false",
            "enable_pcap_tx_ring": null,
            "ephemeral_portrange_end": null,
            "ephemeral_portrange_start": null,
            "extra_config_multiplier": "0",
            "extra_shared_config_memory": "0",
            "flow_table_new_syn_max_entries": "0",
            "free_list_size": "1024",
            "gcp_config": [],
            "gratarp_permanent_periodicity": "10",
            "ha_mode": "HA_MODE_SHARED",
            "handle_per_pkt_attack": "true",
            "hardwaresecuritymodulegroup_ref": null,
            "heap_minimum_config_memory": "8",
            "hm_on_standby": "true",
            "host_attribute_key": null,
            "host_attribute_value": null,
            "host_gateway_monitor": "false",
            "http_rum_console_log": "false",
            "http_rum_min_content_length": "64",
            "hybrid_rss_mode": "false",
            "hypervisor": null,
            "id": "https://10.206.41.225/api/serviceenginegroup/serviceenginegroup-38ae2b13-a9e9-43ea-b791-6f000026e0cc",
            "ignore_docker_mac_change": "true",
            "ignore_rtt_threshold": "5000",
            "ingress_access_data": "SG_INGRESS_ACCESS_ALL",
            "ingress_access_mgmt": "SG_INGRESS_ACCESS_ALL",
            "instance_flavor": null,
            "instance_flavor_info": [],
            "iptables": [],
            "kni_allowed_server_ports": [],
            "l7_conns_per_core": "16384",
            "l7_resvd_listen_conns_per_core": "256",
            "labels": [],
            "lbaction_num_requests_to_dispatch": "4",
            "lbaction_rq_per_request_max_retries": "22",
            "least_load_core_selection": "true",
            "license_tier": "ENTERPRISE_WITH_CLOUD_SERVICES",
            "license_type": "LIC_CORES",
            "log_agent_compress_logs": "true",
            "log_agent_debug_enabled": "false",
            "log_agent_file_sz_appl": "4",
            "log_agent_file_sz_conn": "4",
            "log_agent_file_sz_debug": "4",
            "log_agent_file_sz_event": "4",
            "log_agent_log_storage_min_sz": "1024",
            "log_agent_max_concurrent_rsync": "1024",
            "log_agent_max_storage_excess_percent": "110",
            "log_agent_max_storage_ignore_percent": "20",
            "log_agent_min_storage_per_vs": "10",
            "log_agent_sleep_interval": "10",
            "log_agent_trace_enabled": "true",
            "log_agent_unknown_vs_timer": "1800",
            "log_disksz": "10000",
            "log_malloc_failure": "true",
            "log_message_max_file_list_size": "64",
            "markers": [],
            "max_concurrent_external_hm": null,
            "max_cpu_usage": "70",
            "max_memory_per_mempool": "64",
            "max_num_se_dps": null,
            "max_public_ips_per_lb": "30",
            "max_queues_per_vnic": "1",
            "max_rules_per_lb": "150",
            "max_scaleout_per_vs": "4",
            "max_se": "10",
            "max_skb_frags": "17",
            "max_vs_per_se": "10",
            "mem_reserve": "true",
            "memory_for_config_update": "15",
            "memory_per_se": "2048",
            "mgmt_network_ref": null,
            "mgmt_subnet": [],
            "min_cpu_usage": "20",
            "min_scaleout_per_vs": "1",
            "min_se": "1",
            "minimum_connection_memory": "20",
            "n_log_streaming_threads": "1",
            "name": "Default_Group",
            "netlink_poller_threads": "2",
            "netlink_sock_buf_size": "4",
            "ngx_free_connection_stack": "false",
            "non_significant_log_throttle": "100",
            "ns_helper_deq_interval_msec": "20",
            "num_dispatcher_cores": "0",
            "num_dispatcher_queues": "1",
            "num_flow_cores_sum_changes_to_ignore": "8",
            "objsync_config": [],
            "objsync_port": "9001",
            "openstack_availability_zones": null,
            "openstack_mgmt_network_name": null,
            "openstack_mgmt_network_uuid": null,
            "os_reserved_memory": "0",
            "pcap_tx_mode": "PCAP_TX_AUTO",
            "pcap_tx_ring_rd_balancing_factor": "10",
            "per_app": "false",
            "per_vs_admission_control": "false",
            "placement_mode": "PLACEMENT_MODE_AUTO",
            "realtime_se_metrics": [],
            "reboot_on_panic": "true",
            "resync_time_interval": "65536",
            "sdb_flush_interval": "100",
            "sdb_pipeline_size": "100",
            "sdb_scan_count": "1000",
            "se_bandwidth_type": "SE_BANDWIDTH_UNLIMITED",
            "se_delayed_flow_delete": "true",
            "se_deprovision_delay": "120",
            "se_dos_profile": [],
            "se_dp_hm_drops": "0",
            "se_dp_if_state_poll_interval": "10",
            "se_dp_isolation": "false",
            "se_dp_isolation_num_non_dp_cpus": "0",
            "se_dp_log_nf_enqueue_percent": "70",
            "se_dp_log_udf_enqueue_percent": "90",
            "se_dp_max_hb_version": "3",
            "se_dp_vnic_queue_stall_event_sleep": "0",
            "se_dp_vnic_queue_stall_threshold": "2000",
            "se_dp_vnic_queue_stall_timeout": "10000",
            "se_dp_vnic_restart_on_queue_stall_count": "3",
            "se_dp_vnic_stall_se_restart_window": "3600",
            "se_dpdk_pmd": "0",
            "se_dump_core_on_assert": "false",
            "se_emulated_cores": "0",
            "se_flow_probe_retries": "2",
            "se_flow_probe_retry_timer": "40",
            "se_group_analytics_policy": [],
            "se_hyperthreaded_mode": "SE_CPU_HT_AUTO",
            "se_ip_encap_ipc": "0",
            "se_kni_burst_factor": "0",
            "se_l3_encap_ipc": "0",
            "se_log_buffer_app_blocking_dequeue": "false",
            "se_log_buffer_conn_blocking_dequeue": "false",
            "se_log_buffer_events_blocking_dequeue": "true",
            "se_lro": "true",
            "se_mp_ring_retry_count": "500",
            "se_mtu": null,
            "se_name_prefix": "Avi",
            "se_packet_buffer_max": "0",
            "se_pcap_lookahead": "false",
            "se_pcap_pkt_count": "0",
            "se_pcap_pkt_sz": "69632",
            "se_pcap_qdisc_bypass": "true",
            "se_pcap_reinit_frequency": "0",
            "se_pcap_reinit_threshold": "0",
            "se_probe_port": "7",
            "se_rl_prop": [],
            "se_rum_sampling_nav_interval": "1",
            "se_rum_sampling_nav_percent": "1",
            "se_rum_sampling_res_interval": "2",
            "se_rum_sampling_res_percent": "100",
            "se_sb_dedicated_core": "false",
            "se_sb_threads": "1",
            "se_thread_multiplier": "1",
            "se_tracert_port_range": [],
            "se_tunnel_mode": "0",
            "se_tunnel_udp_port": "1550",
            "se_tx_batch_size": "64",
            "se_txq_threshold": "2048",
            "se_udp_encap_ipc": "0",
            "se_use_dpdk": "0",
            "se_vnic_tx_sw_queue_flush_frequency": "0",
            "se_vnic_tx_sw_queue_size": "256",
            "se_vs_hb_max_pkts_in_batch": "64",
            "se_vs_hb_max_vs_in_pkt": "256",
            "self_se_election": "false",
            "send_se_ready_timeout": "300",
            "service_ip6_subnets": [],
            "service_ip_subnets": [],
            "shm_minimum_config_memory": "4",
            "significant_log_throttle": "100",
            "ssl_preprocess_sni_hostname": "true",
            "ssl_sess_cache_per_vs": "4096",
            "tenant_ref": "https://10.206.41.225/api/tenant/admin",
            "transient_shared_memory_max": "30",
            "udf_log_throttle": "100",
            "upstream_connect_timeout": "3600000",
            "upstream_connpool_enable": "true",
            "upstream_read_timeout": "3600000",
            "upstream_send_timeout": "3600000",
            "use_hyperthreaded_cores": "true",
            "use_legacy_netlink": "false",
            "use_objsync": "true",
            "use_standard_alb": null,
            "user_agent_cache_config": [],
            "user_defined_metric_age": "60",
            "uuid": "serviceenginegroup-38ae2b13-a9e9-43ea-b791-6f000026e0cc",
            "vcenter_clusters": [],
            "vcenter_datastore_mode": "VCENTER_DATASTORE_ANY",
            "vcenter_datastores": [],
            "vcenter_datastores_include": "false",
            "vcenter_folder": "AviSeFolder",
            "vcenter_hosts": [],
            "vcenter_parking_vnic_pg": null,
            "vcenters": [],
            "vcpus_per_se": "1",
            "vip_asg": [],
            "vnic_dhcp_ip_check_interval": "6",
            "vnic_dhcp_ip_max_retries": "10",
            "vnic_ip_delete_interval": "5",
            "vnic_probe_interval": "5",
            "vnic_rpc_retry_interval": "5",
            "vnicdb_cmd_history_size": "256",
            "vs_host_redundancy": "true",
            "vs_scalein_timeout": "30",
            "vs_scalein_timeout_for_upgrade": "30",
            "vs_scaleout_timeout": "600",
            "vs_se_scaleout_additional_wait_time": "0",
            "vs_se_scaleout_ready_timeout": "60",
            "vs_switchover_timeout": "300",
            "vss_placement": [],
            "vss_placement_enabled": "false",
            "waf_mempool": "true",
            "waf_mempool_size": "64"
          },
          "sensitive_attributes": [],
          "private": "bnVsbA==",
          "dependencies": [
            "module.controller_site_1.data.avi_cloud.cloudID",
            "module.controller_site_1.data.avi_tenant.tenanID"
          ]
        }
      ]
    },
    {
      "module": "module.controller_site_2",
      "mode": "data",
      "type": "avi_cloud",
      "name": "cloudID",
      "provider": "module.controller_site_2.provider[\"registry.terraform.io/vmware/avi\"]",
      "instances": [
        {
          "schema_version": 0,
          "attributes": {
            "autoscale_polling_interval": null,
            "aws_configuration": null,
            "azure_configuration": null,
            "cloudstack_configuration": null,
            "configpb_attributes": null,
            "custom_tags": null,
            "dhcp_enabled": null,
            "dns_provider_ref": null,
            "dns_resolution_on_se": null,
            "dns_resolvers": null,
            "docker_configuration": null,
            "east_west_dns_provider_ref": null,
            "east_west_ipam_provider_ref": null,
            "enable_vip_on_all_interfaces": null,
            "enable_vip_static_routes": null,
            "gcp_configuration": null,
            "id": null,
            "ip6_autocfg_enabled": null,
            "ipam_provider_ref": null,
            "license_tier": null,
            "license_type": null,
            "linuxserver_configuration": null,
            "maintenance_mode": null,
            "markers": null,
            "metrics_polling_interval": null,
            "mtu": null,
            "name": null,
            "nsxt_configuration": null,
            "obj_name_prefix": null,
            "openstack_configuration": null,
            "prefer_static_routes": null,
            "proxy_configuration": null,
            "rancher_configuration": null,
            "se_group_template_ref": null,
            "state_based_dns_registration": null,
            "tenant_ref": null,
            "uuid": null,
            "vca_configuration": null,
            "vcenter_configuration": null,
            "vmc_deployment": null,
            "vtype": null
          },
          "sensitive_attributes": []
        }
      ]
    },
    {
      "module": "module.controller_site_2",
      "mode": "data",
      "type": "avi_tenant",
      "name": "tenanID",
      "provider": "module.controller_site_2.provider[\"registry.terraform.io/vmware/avi\"]",
      "instances": [
        {
          "schema_version": 0,
          "attributes": {
            "config_settings": [],
            "configpb_attributes": [],
            "created_by": null,
            "description": null,
            "enforce_label_group": null,
            "id": "https://10.206.41.223/api/tenant/admin",
            "label_group_refs": null,
            "local": null,
            "name": "admin",
            "uuid": "admin"
          },
          "sensitive_attributes": []
        }
      ]
    },
    {
      "module": "module.controller_site_2",
      "mode": "managed",
      "type": "avi_applicationpersistenceprofile",
      "name": "cookie_profile_1",
      "provider": "module.controller_site_2.provider[\"registry.terraform.io/vmware/avi\"]",
      "instances": [
        {
          "schema_version": 0,
          "attributes": {
            "app_cookie_persistence_profile": [],
            "configpb_attributes": [],
            "description": null,
            "hdr_persistence_profile": [],
            "http_cookie_persistence_profile": [
              {
                "always_send_cookie": "false",
                "cookie_name": "route",
                "encryption_key": "",
                "http_only": "false",
                "is_persistent_cookie": "false",
                "key": [
                  {
                    "aes_key": "U4SW3iEaa3TqU0pGWn7IvJqh6BjaqXQqFV7WB3h+1Vo=",
                    "hmac_key": "",
                    "name": "8ab5dc59-49d8-4bb1-91da-778a1bea4f79"
                  }
                ],
                "timeout": "2880"
              }
            ],
            "id": "https://10.206.41.223/api/applicationpersistenceprofile/applicationpersistenceprofile-0cead6bd-dfa4-46fb-96ca-7eae8acfff92",
            "ip_persistence_profile": [],
            "is_federated": "false",
            "markers": [],
            "name": "cookie_persistence_profile_terraform",
            "persistence_type": "PERSISTENCE_TYPE_HTTP_COOKIE",
            "server_hm_down_recovery": "HM_DOWN_PICK_NEW_SERVER",
            "tenant_ref": "https://10.206.41.223/api/tenant/admin",
            "uuid": "applicationpersistenceprofile-0cead6bd-dfa4-46fb-96ca-7eae8acfff92"
          },
          "sensitive_attributes": [],
          "private": "bnVsbA=="
        }
      ]
    },
    {
      "module": "module.controller_site_2",
      "mode": "managed",
      "type": "avi_applicationprofile",
      "name": "system_https_profile_1",
      "provider": "module.controller_site_2.provider[\"registry.terraform.io/vmware/avi\"]",
      "instances": [
        {
          "schema_version": 0,
          "attributes": {
            "app_service_type": null,
            "cloud_config_cksum": null,
            "configpb_attributes": [],
            "created_by": null,
            "description": null,
            "dns_service_profile": [],
            "dos_rl_profile": [],
            "http_profile": [
              {
                "allow_dots_in_header_name": "false",
                "cache_config": [],
                "client_body_timeout": "90000",
                "client_header_timeout": "60000",
                "client_max_body_size": "16000",
                "client_max_header_size": "12",
                "client_max_request_size": "48",
                "compression_profile": [],
                "connection_multiplexing_enabled": "true",
                "detect_ntlm_app": "true",
                "disable_keepalive_posts_msie6": "true",
                "disable_sni_hostname_check": "false",
                "enable_chunk_merge": "true",
                "enable_fire_and_forget": "false",
                "enable_request_body_buffering": "false",
                "enable_request_body_metrics": "false",
                "fwd_close_hdr_for_bound_connections": "true",
                "hsts_enabled": "true",
                "hsts_max_age": "365",
                "hsts_subdomains_enabled": "true",
                "http2_profile": [],
                "http_to_https": "true",
                "http_upstream_buffer_size": "0",
                "httponly_enabled": "true",
                "keepalive_header": "false",
                "keepalive_timeout": "30000",
                "max_bad_rps_cip": "0",
                "max_bad_rps_cip_uri": "0",
                "max_bad_rps_uri": "0",
                "max_keepalive_requests": "100",
                "max_response_headers_size": "48",
                "max_rps_cip": "0",
                "max_rps_cip_uri": "0",
                "max_rps_unknown_cip": "0",
                "max_rps_unknown_uri": "0",
                "max_rps_uri": "0",
                "pass_through_x_accel_headers": "false",
                "pki_profile_ref": "",
                "post_accept_timeout": "30000",
                "reset_conn_http_on_ssl_port": "false",
                "respond_with_100_continue": "true",
                "secure_cookie_enabled": "true",
                "server_side_redirect_to_https": "true",
                "ssl_client_certificate_action": [],
                "ssl_client_certificate_mode": "SSL_CLIENT_CERTIFICATE_NONE",
                "true_client_ip": [],
                "use_app_keepalive_timeout": "false",
                "use_true_client_ip": "false",
                "websockets_enabled": "true",
                "x_forwarded_proto_enabled": "true",
                "xff_alternate_name": "X-Forwarded-For",
                "xff_enabled": "true"
              }
            ],
            "id": "https://10.206.41.223/api/applicationprofile/applicationprofile-6bd09506-c033-41c0-a8c2-1f5d1c91a4e1",
            "markers": [],
            "name": "system_http_profile_terraform",
            "preserve_client_ip": "false",
            "preserve_client_port": "false",
            "preserve_dest_ip_port": "false",
            "sip_service_profile": [],
            "tcp_app_profile": [],
            "tenant_ref": "https://10.206.41.223/api/tenant/admin",
            "type": "APPLICATION_PROFILE_TYPE_HTTP",
            "uuid": "applicationprofile-6bd09506-c033-41c0-a8c2-1f5d1c91a4e1"
          },
          "sensitive_attributes": [],
          "private": "bnVsbA=="
        }
      ]
    },
    {
      "module": "module.controller_site_2",
      "mode": "managed",
      "type": "avi_httppolicyset",
      "name": "rewriteTarget_policySet",
      "provider": "module.controller_site_2.provider[\"registry.terraform.io/vmware/avi\"]",
      "instances": [
        {
          "schema_version": 0,
          "attributes": {
            "cloud_config_cksum": null,
            "configpb_attributes": [],
            "created_by": null,
            "description": null,
            "geo_db_ref": null,
            "http_request_policy": [
              {
                "rules": [
                  {
                    "all_headers": "",
                    "enable": "true",
                    "hdr_action": [],
                    "index": "1",
                    "log": "",
                    "match": [],
                    "name": "rewrite_rule_terraform",
                    "redirect_action": [],
                    "rewrite_url_action": [
                      {
                        "host_hdr": [],
                        "path": [
                          {
                            "tokens": [
                              {
                                "end_index": "",
                                "start_index": "",
                                "str_value": "/",
                                "type": "URI_TOKEN_TYPE_STRING"
                              }
                            ],
                            "type": "URI_PARAM_TYPE_TOKENIZED"
                          }
                        ],
                        "query": []
                      }
                    ],
                    "switching_action": []
                  }
                ]
              }
            ],
            "http_response_policy": [],
            "http_security_policy": [],
            "id": "https://10.206.41.223/api/httppolicyset/httppolicyset-7dcf9fde-0036-4a53-8f31-732d78ed4e11",
            "ip_reputation_db_ref": null,
            "is_internal_policy": "false",
            "markers": [],
            "name": "rewrite_policySet_terraform",
            "tenant_ref": "https://10.206.41.223/api/tenant/admin",
            "uuid": "httppolicyset-7dcf9fde-0036-4a53-8f31-732d78ed4e11"
          },
          "sensitive_attributes": [],
          "private": "bnVsbA=="
        }
      ]
    },
    {
      "module": "module.controller_site_2",
      "mode": "managed",
      "type": "avi_serviceenginegroup",
      "name": "sg1",
      "provider": "module.controller_site_2.provider[\"registry.terraform.io/vmware/avi\"]",
      "instances": [
        {
          "schema_version": 0,
          "attributes": {
            "accelerated_networking": "true",
            "active_standby": "false",
            "aggressive_failure_detection": "false",
            "algo": "PLACEMENT_ALGO_PACKED",
            "allow_burst": null,
            "app_cache_percent": "10",
            "app_cache_threshold": "5",
            "app_learning_memory_percent": "0",
            "archive_shm_limit": "8",
            "async_ssl": "false",
            "async_ssl_threads": "1",
            "auto_rebalance": "true",
            "auto_rebalance_capacity_per_se": [
              20000000
            ],
            "auto_rebalance_criteria": [
              "SE_AUTO_REBALANCE_PPS"
            ],
            "auto_rebalance_interval": "300",
            "auto_redistribute_active_standby_load": "false",
            "availability_zone_refs": null,
            "baremetal_dispatcher_handles_flows": "false",
            "bgp_peer_monitor_failover_enabled": "false",
            "bgp_state_update_interval": "60",
            "buffer_se": "1",
            "cloud_ref": "https://10.206.41.223/api/cloud/cloud-d21ad824-bf71-48a9-ade8-85f7203019af",
            "compress_ip_rules_for_each_ns_subnet": "true",
            "config_debugs_on_all_cores": "false",
            "configpb_attributes": [],
            "connection_memory_percentage": "50",
            "core_shm_app_cache": "false",
            "core_shm_app_learning": "false",
            "cpu_reserve": "false",
            "cpu_socket_affinity": "false",
            "custom_securitygroups_data": null,
            "custom_securitygroups_mgmt": null,
            "custom_tag": [],
            "data_network_id": null,
            "datascript_timeout": "1000000",
            "deactivate_ipv6_discovery": null,
            "deactivate_kni_filtering_at_dispatcher": null,
            "dedicated_dispatcher_core": "false",
            "description": null,
            "disable_avi_securitygroups": "false",
            "disable_csum_offloads": "false",
            "disable_flow_probes": "false",
            "disable_gro": "true",
            "disable_se_memory_check": "false",
            "disable_tso": "false",
            "disk_per_se": "15",
            "distribute_load_active_standby": "false",
            "distribute_queues": "false",
            "distribute_vnics": "false",
            "downstream_send_timeout": "3600000",
            "dp_aggressive_deq_interval_msec": "1",
            "dp_aggressive_enq_interval_msec": "1",
            "dp_aggressive_hb_frequency": "100",
            "dp_aggressive_hb_timeout_count": "10",
            "dp_deq_interval_msec": "20",
            "dp_enq_interval_msec": "20",
            "dp_hb_frequency": "100",
            "dp_hb_timeout_count": "10",
            "enable_gratarp_permanent": "false",
            "enable_hsm_log": "false",
            "enable_hsm_priming": "false",
            "enable_multi_lb": "false",
            "enable_pcap_tx_ring": null,
            "ephemeral_portrange_end": null,
            "ephemeral_portrange_start": null,
            "extra_config_multiplier": "0",
            "extra_shared_config_memory": "0",
            "flow_table_new_syn_max_entries": "0",
            "free_list_size": "1024",
            "gcp_config": [],
            "gratarp_permanent_periodicity": "10",
            "ha_mode": "HA_MODE_SHARED",
            "handle_per_pkt_attack": "true",
            "hardwaresecuritymodulegroup_ref": null,
            "heap_minimum_config_memory": "8",
            "hm_on_standby": "true",
            "host_attribute_key": null,
            "host_attribute_value": null,
            "host_gateway_monitor": "false",
            "http_rum_console_log": "false",
            "http_rum_min_content_length": "64",
            "hybrid_rss_mode": "false",
            "hypervisor": null,
            "id": "https://10.206.41.223/api/serviceenginegroup/serviceenginegroup-a56f727f-7e8a-4c3c-a1a5-ffac0e660508",
            "ignore_docker_mac_change": "true",
            "ignore_rtt_threshold": "5000",
            "ingress_access_data": "SG_INGRESS_ACCESS_ALL",
            "ingress_access_mgmt": "SG_INGRESS_ACCESS_ALL",
            "instance_flavor": null,
            "instance_flavor_info": [],
            "iptables": [],
            "kni_allowed_server_ports": [],
            "l7_conns_per_core": "16384",
            "l7_resvd_listen_conns_per_core": "256",
            "labels": [],
            "lbaction_num_requests_to_dispatch": "4",
            "lbaction_rq_per_request_max_retries": "22",
            "least_load_core_selection": "true",
            "license_tier": "ENTERPRISE_WITH_CLOUD_SERVICES",
            "license_type": "LIC_CORES",
            "log_agent_compress_logs": "true",
            "log_agent_debug_enabled": "false",
            "log_agent_file_sz_appl": "4",
            "log_agent_file_sz_conn": "4",
            "log_agent_file_sz_debug": "4",
            "log_agent_file_sz_event": "4",
            "log_agent_log_storage_min_sz": "1024",
            "log_agent_max_concurrent_rsync": "1024",
            "log_agent_max_storage_excess_percent": "110",
            "log_agent_max_storage_ignore_percent": "20",
            "log_agent_min_storage_per_vs": "10",
            "log_agent_sleep_interval": "10",
            "log_agent_trace_enabled": "true",
            "log_agent_unknown_vs_timer": "1800",
            "log_disksz": "10000",
            "log_malloc_failure": "true",
            "log_message_max_file_list_size": "64",
            "markers": [],
            "max_concurrent_external_hm": null,
            "max_cpu_usage": "70",
            "max_memory_per_mempool": "64",
            "max_num_se_dps": null,
            "max_public_ips_per_lb": "30",
            "max_queues_per_vnic": "1",
            "max_rules_per_lb": "150",
            "max_scaleout_per_vs": "4",
            "max_se": "10",
            "max_skb_frags": "17",
            "max_vs_per_se": "10",
            "mem_reserve": "true",
            "memory_for_config_update": "15",
            "memory_per_se": "2048",
            "mgmt_network_ref": null,
            "mgmt_subnet": [],
            "min_cpu_usage": "20",
            "min_scaleout_per_vs": "1",
            "min_se": "1",
            "minimum_connection_memory": "20",
            "n_log_streaming_threads": "1",
            "name": "Default_Group",
            "netlink_poller_threads": "2",
            "netlink_sock_buf_size": "4",
            "ngx_free_connection_stack": "false",
            "non_significant_log_throttle": "100",
            "ns_helper_deq_interval_msec": "20",
            "num_dispatcher_cores": "0",
            "num_dispatcher_queues": "1",
            "num_flow_cores_sum_changes_to_ignore": "8",
            "objsync_config": [],
            "objsync_port": "9001",
            "openstack_availability_zones": null,
            "openstack_mgmt_network_name": null,
            "openstack_mgmt_network_uuid": null,
            "os_reserved_memory": "0",
            "pcap_tx_mode": "PCAP_TX_AUTO",
            "pcap_tx_ring_rd_balancing_factor": "10",
            "per_app": "false",
            "per_vs_admission_control": "false",
            "placement_mode": "PLACEMENT_MODE_AUTO",
            "realtime_se_metrics": [],
            "reboot_on_panic": "true",
            "resync_time_interval": "65536",
            "sdb_flush_interval": "100",
            "sdb_pipeline_size": "100",
            "sdb_scan_count": "1000",
            "se_bandwidth_type": "SE_BANDWIDTH_UNLIMITED",
            "se_delayed_flow_delete": "true",
            "se_deprovision_delay": "120",
            "se_dos_profile": [],
            "se_dp_hm_drops": "0",
            "se_dp_if_state_poll_interval": "10",
            "se_dp_isolation": "false",
            "se_dp_isolation_num_non_dp_cpus": "0",
            "se_dp_log_nf_enqueue_percent": "70",
            "se_dp_log_udf_enqueue_percent": "90",
            "se_dp_max_hb_version": "3",
            "se_dp_vnic_queue_stall_event_sleep": "0",
            "se_dp_vnic_queue_stall_threshold": "2000",
            "se_dp_vnic_queue_stall_timeout": "10000",
            "se_dp_vnic_restart_on_queue_stall_count": "3",
            "se_dp_vnic_stall_se_restart_window": "3600",
            "se_dpdk_pmd": "0",
            "se_dump_core_on_assert": "false",
            "se_emulated_cores": "0",
            "se_flow_probe_retries": "2",
            "se_flow_probe_retry_timer": "40",
            "se_group_analytics_policy": [],
            "se_hyperthreaded_mode": "SE_CPU_HT_AUTO",
            "se_ip_encap_ipc": "0",
            "se_kni_burst_factor": "0",
            "se_l3_encap_ipc": "0",
            "se_log_buffer_app_blocking_dequeue": "false",
            "se_log_buffer_conn_blocking_dequeue": "false",
            "se_log_buffer_events_blocking_dequeue": "true",
            "se_lro": "true",
            "se_mp_ring_retry_count": "500",
            "se_mtu": null,
            "se_name_prefix": "Avi",
            "se_packet_buffer_max": "0",
            "se_pcap_lookahead": "false",
            "se_pcap_pkt_count": "0",
            "se_pcap_pkt_sz": "69632",
            "se_pcap_qdisc_bypass": "true",
            "se_pcap_reinit_frequency": "0",
            "se_pcap_reinit_threshold": "0",
            "se_probe_port": "7",
            "se_rl_prop": [],
            "se_rum_sampling_nav_interval": "1",
            "se_rum_sampling_nav_percent": "1",
            "se_rum_sampling_res_interval": "2",
            "se_rum_sampling_res_percent": "100",
            "se_sb_dedicated_core": "false",
            "se_sb_threads": "1",
            "se_thread_multiplier": "1",
            "se_tracert_port_range": [],
            "se_tunnel_mode": "0",
            "se_tunnel_udp_port": "1550",
            "se_tx_batch_size": "64",
            "se_txq_threshold": "2048",
            "se_udp_encap_ipc": "0",
            "se_use_dpdk": "0",
            "se_vnic_tx_sw_queue_flush_frequency": "0",
            "se_vnic_tx_sw_queue_size": "256",
            "se_vs_hb_max_pkts_in_batch": "64",
            "se_vs_hb_max_vs_in_pkt": "256",
            "self_se_election": "false",
            "send_se_ready_timeout": "300",
            "service_ip6_subnets": [],
            "service_ip_subnets": [],
            "shm_minimum_config_memory": "4",
            "significant_log_throttle": "100",
            "ssl_preprocess_sni_hostname": "true",
            "ssl_sess_cache_per_vs": "4096",
            "tenant_ref": "https://10.206.41.223/api/tenant/admin",
            "transient_shared_memory_max": "30",
            "udf_log_throttle": "100",
            "upstream_connect_timeout": "3600000",
            "upstream_connpool_enable": "true",
            "upstream_read_timeout": "3600000",
            "upstream_send_timeout": "3600000",
            "use_hyperthreaded_cores": "true",
            "use_legacy_netlink": "false",
            "use_objsync": "true",
            "use_standard_alb": null,
            "user_agent_cache_config": [],
            "user_defined_metric_age": "60",
            "uuid": "serviceenginegroup-a56f727f-7e8a-4c3c-a1a5-ffac0e660508",
            "vcenter_clusters": [],
            "vcenter_datastore_mode": "VCENTER_DATASTORE_ANY",
            "vcenter_datastores": [],
            "vcenter_datastores_include": "false",
            "vcenter_folder": "AviSeFolder",
            "vcenter_hosts": [],
            "vcenter_parking_vnic_pg": null,
            "vcenters": [],
            "vcpus_per_se": "1",
            "vip_asg": [],
            "vnic_dhcp_ip_check_interval": "6",
            "vnic_dhcp_ip_max_retries": "10",
            "vnic_ip_delete_interval": "5",
            "vnic_probe_interval": "5",
            "vnic_rpc_retry_interval": "5",
            "vnicdb_cmd_history_size": "256",
            "vs_host_redundancy": "true",
            "vs_scalein_timeout": "30",
            "vs_scalein_timeout_for_upgrade": "30",
            "vs_scaleout_timeout": "600",
            "vs_se_scaleout_additional_wait_time": "0",
            "vs_se_scaleout_ready_timeout": "60",
            "vs_switchover_timeout": "300",
            "vss_placement": [],
            "vss_placement_enabled": "false",
            "waf_mempool": "true",
            "waf_mempool_size": "64"
          },
          "sensitive_attributes": [],
          "private": "bnVsbA==",
          "dependencies": [
            "module.controller_site_2.data.avi_cloud.cloudID",
            "module.controller_site_2.data.avi_tenant.tenanID"
          ]
        }
      ]
    }
  ],
  "check_results": null
}
